
Microsoft Visual Studio Solution File, Format Version 12.00
# Visual Studio 15
VisualStudioVersion = 15.0.28307.1145
MinimumVisualStudioVersion = 10.0.40219.1
Project("{FAE04EC0-301F-11D3-BF4B-00C04F79EFBC}") = "DropDownChosen", "DropDownChosen\DropDownChosen.csproj", "{61034352-74E2-409D-8F9B-FDC5B4030524}"
EndProject
Project("{FAE04EC0-301F-11D3-BF4B-00C04F79EFBC}") = "CatalogosSAT", "CatalogosSAT\CatalogosSAT.csproj", "{383B6985-0E07-4C91-8B07-E4B928962FE0}"
EndProject
Project("{FAE04EC0-301F-11D3-BF4B-00C04F79EFBC}") = "ClienteNtLink", "ClienteNtLink\ClienteNtLink.csproj", "{3E83B260-1E10-45E1-91C5-E0254D2A89FB}"
EndProject
Project("{FAE04EC0-301F-11D3-BF4B-00C04F79EFBC}") = "I_RFC_SAT", "I_RFC_SAT\I_RFC_SAT.csproj", "{61673925-556E-4663-8687-17CABF3BA656}"
EndProject
Project("{FAE04EC0-301F-11D3-BF4B-00C04F79EFBC}") = "ServicioLocal", "ServicioLocal\ServicioLocal.csproj", "{092BFD88-90F8-47E5-856A-3D02C702042D}"
EndProject
Project("{FAE04EC0-301F-11D3-BF4B-00C04F79EFBC}") = "ServicioLocalWeb", "ServicioLocalWeb\ServicioLocalWeb.csproj", "{826767EA-5A99-4273-BD08-568F913FB2B7}"
EndProject
Project("{FAE04EC0-301F-11D3-BF4B-00C04F79EFBC}") = "ServicioLocalContract", "ServivioLocalContract\ServicioLocalContract.csproj", "{EE39AD87-B692-418E-BE59-856F640404DF}"
EndProject
Project("{FAE04EC0-301F-11D3-BF4B-00C04F79EFBC}") = "NtLinkServicioLocal", "NtLinkServicioLocal\NtLinkServicioLocal.csproj", "{923ABFD7-1EDB-4BC1-A258-17115EB4FA9A}"
EndProject
Project("{FAE04EC0-301F-11D3-BF4B-00C04F79EFBC}") = "ServicioLocal.Business", "ServicioLocal.Business\ServicioLocal.Business.csproj", "{0E778F49-1E4B-4441-8E14-8836058889CB}"
EndProject
Project("{FAE04EC0-301F-11D3-BF4B-00C04F79EFBC}") = "GafLookPaid", "GafLookPaid\GafLookPaid.csproj", "{FB54D901-1488-487C-B0AA-3375E47941BB}"
EndProject
Project("{FAE04EC0-301F-11D3-BF4B-00C04F79EFBC}") = "NtLinkAdministracion", "NtLinkAdministracion\NtLinkAdministracion.csproj", "{EB2AF53D-B7DD-44B6-84D7-F6679E84B13B}"
EndProject
Global
	GlobalSection(SolutionConfigurationPlatforms) = preSolution
		Debug|Any CPU = Debug|Any CPU
		Debug|x64 = Debug|x64
		Debug|x86 = Debug|x86
		Release|Any CPU = Release|Any CPU
		Release|x64 = Release|x64
		Release|x86 = Release|x86
	EndGlobalSection
	GlobalSection(ProjectConfigurationPlatforms) = postSolution
		{61034352-74E2-409D-8F9B-FDC5B4030524}.Debug|Any CPU.ActiveCfg = Debug|Any CPU
		{61034352-74E2-409D-8F9B-FDC5B4030524}.Debug|Any CPU.Build.0 = Debug|Any CPU
		{61034352-74E2-409D-8F9B-FDC5B4030524}.Debug|x64.ActiveCfg = Debug|Any CPU
		{61034352-74E2-409D-8F9B-FDC5B4030524}.Debug|x64.Build.0 = Debug|Any CPU
		{61034352-74E2-409D-8F9B-FDC5B4030524}.Debug|x86.ActiveCfg = Debug|Any CPU
		{61034352-74E2-409D-8F9B-FDC5B4030524}.Debug|x86.Build.0 = Debug|Any CPU
		{61034352-74E2-409D-8F9B-FDC5B4030524}.Release|Any CPU.ActiveCfg = Release|Any CPU
		{61034352-74E2-409D-8F9B-FDC5B4030524}.Release|Any CPU.Build.0 = Release|Any CPU
		{61034352-74E2-409D-8F9B-FDC5B4030524}.Release|x64.ActiveCfg = Release|Any CPU
		{61034352-74E2-409D-8F9B-FDC5B4030524}.Release|x64.Build.0 = Release|Any CPU
		{61034352-74E2-409D-8F9B-FDC5B4030524}.Release|x86.ActiveCfg = Release|Any CPU
		{61034352-74E2-409D-8F9B-FDC5B4030524}.Release|x86.Build.0 = Release|Any CPU
		{383B6985-0E07-4C91-8B07-E4B928962FE0}.Debug|Any CPU.ActiveCfg = Debug|Any CPU
		{383B6985-0E07-4C91-8B07-E4B928962FE0}.Debug|Any CPU.Build.0 = Debug|Any CPU
		{383B6985-0E07-4C91-8B07-E4B928962FE0}.Debug|x64.ActiveCfg = Debug|Any CPU
		{383B6985-0E07-4C91-8B07-E4B928962FE0}.Debug|x64.Build.0 = Debug|Any CPU
		{383B6985-0E07-4C91-8B07-E4B928962FE0}.Debug|x86.ActiveCfg = Debug|Any CPU
		{383B6985-0E07-4C91-8B07-E4B928962FE0}.Debug|x86.Build.0 = Debug|Any CPU
		{383B6985-0E07-4C91-8B07-E4B928962FE0}.Release|Any CPU.ActiveCfg = Release|Any CPU
		{383B6985-0E07-4C91-8B07-E4B928962FE0}.Release|Any CPU.Build.0 = Release|Any CPU
		{383B6985-0E07-4C91-8B07-E4B928962FE0}.Release|x64.ActiveCfg = Release|Any CPU
		{383B6985-0E07-4C91-8B07-E4B928962FE0}.Release|x64.Build.0 = Release|Any CPU
		{383B6985-0E07-4C91-8B07-E4B928962FE0}.Release|x86.ActiveCfg = Release|Any CPU
		{383B6985-0E07-4C91-8B07-E4B928962FE0}.Release|x86.Build.0 = Release|Any CPU
		{3E83B260-1E10-45E1-91C5-E0254D2A89FB}.Debug|Any CPU.ActiveCfg = Debug|Any CPU
		{3E83B260-1E10-45E1-91C5-E0254D2A89FB}.Debug|Any CPU.Build.0 = Debug|Any CPU
		{3E83B260-1E10-45E1-91C5-E0254D2A89FB}.Debug|x64.ActiveCfg = Debug|Any CPU
		{3E83B260-1E10-45E1-91C5-E0254D2A89FB}.Debug|x64.Build.0 = Debug|Any CPU
		{3E83B260-1E10-45E1-91C5-E0254D2A89FB}.Debug|x86.ActiveCfg = Debug|Any CPU
		{3E83B260-1E10-45E1-91C5-E0254D2A89FB}.Debug|x86.Build.0 = Debug|Any CPU
		{3E83B260-1E10-45E1-91C5-E0254D2A89FB}.Release|Any CPU.ActiveCfg = Release|Any CPU
		{3E83B260-1E10-45E1-91C5-E0254D2A89FB}.Release|Any CPU.Build.0 = Release|Any CPU
		{3E83B260-1E10-45E1-91C5-E0254D2A89FB}.Release|x64.ActiveCfg = Release|Any CPU
		{3E83B260-1E10-45E1-91C5-E0254D2A89FB}.Release|x64.Build.0 = Release|Any CPU
		{3E83B260-1E10-45E1-91C5-E0254D2A89FB}.Release|x86.ActiveCfg = Release|Any CPU
		{3E83B260-1E10-45E1-91C5-E0254D2A89FB}.Release|x86.Build.0 = Release|Any CPU
		{61673925-556E-4663-8687-17CABF3BA656}.Debug|Any CPU.ActiveCfg = Debug|Any CPU
		{61673925-556E-4663-8687-17CABF3BA656}.Debug|Any CPU.Build.0 = Debug|Any CPU
		{61673925-556E-4663-8687-17CABF3BA656}.Debug|x64.ActiveCfg = Debug|Any CPU
		{61673925-556E-4663-8687-17CABF3BA656}.Debug|x64.Build.0 = Debug|Any CPU
		{61673925-556E-4663-8687-17CABF3BA656}.Debug|x86.ActiveCfg = Debug|Any CPU
		{61673925-556E-4663-8687-17CABF3BA656}.Debug|x86.Build.0 = Debug|Any CPU
		{61673925-556E-4663-8687-17CABF3BA656}.Release|Any CPU.ActiveCfg = Release|Any CPU
		{61673925-556E-4663-8687-17CABF3BA656}.Release|Any CPU.Build.0 = Release|Any CPU
		{61673925-556E-4663-8687-17CABF3BA656}.Release|x64.ActiveCfg = Release|Any CPU
		{61673925-556E-4663-8687-17CABF3BA656}.Release|x64.Build.0 = Release|Any CPU
		{61673925-556E-4663-8687-17CABF3BA656}.Release|x86.ActiveCfg = Release|Any CPU
		{61673925-556E-4663-8687-17CABF3BA656}.Release|x86.Build.0 = Release|Any CPU
		{092BFD88-90F8-47E5-856A-3D02C702042D}.Debug|Any CPU.ActiveCfg = Debug|Any CPU
		{092BFD88-90F8-47E5-856A-3D02C702042D}.Debug|Any CPU.Build.0 = Debug|Any CPU
		{092BFD88-90F8-47E5-856A-3D02C702042D}.Debug|x64.ActiveCfg = Debug|Any CPU
		{092BFD88-90F8-47E5-856A-3D02C702042D}.Debug|x64.Build.0 = Debug|Any CPU
		{092BFD88-90F8-47E5-856A-3D02C702042D}.Debug|x86.ActiveCfg = Debug|Any CPU
		{092BFD88-90F8-47E5-856A-3D02C702042D}.Debug|x86.Build.0 = Debug|Any CPU
		{092BFD88-90F8-47E5-856A-3D02C702042D}.Release|Any CPU.ActiveCfg = Release|Any CPU
		{092BFD88-90F8-47E5-856A-3D02C702042D}.Release|Any CPU.Build.0 = Release|Any CPU
		{092BFD88-90F8-47E5-856A-3D02C702042D}.Release|x64.ActiveCfg = Release|Any CPU
		{092BFD88-90F8-47E5-856A-3D02C702042D}.Release|x64.Build.0 = Release|Any CPU
		{092BFD88-90F8-47E5-856A-3D02C702042D}.Release|x86.ActiveCfg = Release|Any CPU
		{092BFD88-90F8-47E5-856A-3D02C702042D}.Release|x86.Build.0 = Release|Any CPU
		{826767EA-5A99-4273-BD08-568F913FB2B7}.Debug|Any CPU.ActiveCfg = Debug|Any CPU
		{826767EA-5A99-4273-BD08-568F913FB2B7}.Debug|Any CPU.Build.0 = Debug|Any CPU
		{826767EA-5A99-4273-BD08-568F913FB2B7}.Debug|x64.ActiveCfg = Debug|Any CPU
		{826767EA-5A99-4273-BD08-568F913FB2B7}.Debug|x64.Build.0 = Debug|Any CPU
		{826767EA-5A99-4273-BD08-568F913FB2B7}.Debug|x86.ActiveCfg = Debug|Any CPU
		{826767EA-5A99-4273-BD08-568F913FB2B7}.Debug|x86.Build.0 = Debug|Any CPU
		{826767EA-5A99-4273-BD08-568F913FB2B7}.Release|Any CPU.ActiveCfg = Release|Any CPU
		{826767EA-5A99-4273-BD08-568F913FB2B7}.Release|Any CPU.Build.0 = Release|Any CPU
		{826767EA-5A99-4273-BD08-568F913FB2B7}.Release|x64.ActiveCfg = Release|Any CPU
		{826767EA-5A99-4273-BD08-568F913FB2B7}.Release|x64.Build.0 = Release|Any CPU
		{826767EA-5A99-4273-BD08-568F913FB2B7}.Release|x86.ActiveCfg = Release|Any CPU
		{826767EA-5A99-4273-BD08-568F913FB2B7}.Release|x86.Build.0 = Release|Any CPU
		{EE39AD87-B692-418E-BE59-856F640404DF}.Debug|Any CPU.ActiveCfg = Debug|Any CPU
		{EE39AD87-B692-418E-BE59-856F640404DF}.Debug|Any CPU.Build.0 = Debug|Any CPU
		{EE39AD87-B692-418E-BE59-856F640404DF}.Debug|x64.ActiveCfg = Debug|Any CPU
		{EE39AD87-B692-418E-BE59-856F640404DF}.Debug|x64.Build.0 = Debug|Any CPU
		{EE39AD87-B692-418E-BE59-856F640404DF}.Debug|x86.ActiveCfg = Debug|Any CPU
		{EE39AD87-B692-418E-BE59-856F640404DF}.Debug|x86.Build.0 = Debug|Any CPU
		{EE39AD87-B692-418E-BE59-856F640404DF}.Release|Any CPU.ActiveCfg = Release|Any CPU
		{EE39AD87-B692-418E-BE59-856F640404DF}.Release|Any CPU.Build.0 = Release|Any CPU
		{EE39AD87-B692-418E-BE59-856F640404DF}.Release|x64.ActiveCfg = Release|Any CPU
		{EE39AD87-B692-418E-BE59-856F640404DF}.Release|x64.Build.0 = Release|Any CPU
		{EE39AD87-B692-418E-BE59-856F640404DF}.Release|x86.ActiveCfg = Release|Any CPU
		{EE39AD87-B692-418E-BE59-856F640404DF}.Release|x86.Build.0 = Release|Any CPU
		{923ABFD7-1EDB-4BC1-A258-17115EB4FA9A}.Debug|Any CPU.ActiveCfg = Debug|Any CPU
		{923ABFD7-1EDB-4BC1-A258-17115EB4FA9A}.Debug|Any CPU.Build.0 = Debug|Any CPU
		{923ABFD7-1EDB-4BC1-A258-17115EB4FA9A}.Debug|x64.ActiveCfg = Debug|Any CPU
		{923ABFD7-1EDB-4BC1-A258-17115EB4FA9A}.Debug|x64.Build.0 = Debug|Any CPU
		{923ABFD7-1EDB-4BC1-A258-17115EB4FA9A}.Debug|x86.ActiveCfg = Debug|Any CPU
		{923ABFD7-1EDB-4BC1-A258-17115EB4FA9A}.Debug|x86.Build.0 = Debug|Any CPU
		{923ABFD7-1EDB-4BC1-A258-17115EB4FA9A}.Release|Any CPU.ActiveCfg = Release|Any CPU
		{923ABFD7-1EDB-4BC1-A258-17115EB4FA9A}.Release|Any CPU.Build.0 = Release|Any CPU
		{923ABFD7-1EDB-4BC1-A258-17115EB4FA9A}.Release|x64.ActiveCfg = Release|Any CPU
		{923ABFD7-1EDB-4BC1-A258-17115EB4FA9A}.Release|x64.Build.0 = Release|Any CPU
		{923ABFD7-1EDB-4BC1-A258-17115EB4FA9A}.Release|x86.ActiveCfg = Release|Any CPU
		{923ABFD7-1EDB-4BC1-A258-17115EB4FA9A}.Release|x86.Build.0 = Release|Any CPU
		{0E778F49-1E4B-4441-8E14-8836058889CB}.Debug|Any CPU.ActiveCfg = Debug|Any CPU
		{0E778F49-1E4B-4441-8E14-8836058889CB}.Debug|Any CPU.Build.0 = Debug|Any CPU
		{0E778F49-1E4B-4441-8E14-8836058889CB}.Debug|x64.ActiveCfg = Debug|Any CPU
		{0E778F49-1E4B-4441-8E14-8836058889CB}.Debug|x64.Build.0 = Debug|Any CPU
		{0E778F49-1E4B-4441-8E14-8836058889CB}.Debug|x86.ActiveCfg = Debug|Any CPU
		{0E778F49-1E4B-4441-8E14-8836058889CB}.Debug|x86.Build.0 = Debug|Any CPU
		{0E778F49-1E4B-4441-8E14-8836058889CB}.Release|Any CPU.ActiveCfg = Release|Any CPU
		{0E778F49-1E4B-4441-8E14-8836058889CB}.Release|Any CPU.Build.0 = Release|Any CPU
		{0E778F49-1E4B-4441-8E14-8836058889CB}.Release|x64.ActiveCfg = Release|Any CPU
		{0E778F49-1E4B-4441-8E14-8836058889CB}.Release|x64.Build.0 = Release|Any CPU
		{0E778F49-1E4B-4441-8E14-8836058889CB}.Release|x86.ActiveCfg = Release|Any CPU
		{0E778F49-1E4B-4441-8E14-8836058889CB}.Release|x86.Build.0 = Release|Any CPU
		{FB54D901-1488-487C-B0AA-3375E47941BB}.Debug|Any CPU.ActiveCfg = Debug|Any CPU
		{FB54D901-1488-487C-B0AA-3375E47941BB}.Debug|Any CPU.Build.0 = Debug|Any CPU
		{FB54D901-1488-487C-B0AA-3375E47941BB}.Debug|x64.ActiveCfg = Debug|Any CPU
		{FB54D901-1488-487C-B0AA-3375E47941BB}.Debug|x64.Build.0 = Debug|Any CPU
		{FB54D901-1488-487C-B0AA-3375E47941BB}.Debug|x86.ActiveCfg = Debug|Any CPU
		{FB54D901-1488-487C-B0AA-3375E47941BB}.Debug|x86.Build.0 = Debug|Any CPU
		{FB54D901-1488-487C-B0AA-3375E47941BB}.Release|Any CPU.ActiveCfg = Release|Any CPU
		{FB54D901-1488-487C-B0AA-3375E47941BB}.Release|Any CPU.Build.0 = Release|Any CPU
		{FB54D901-1488-487C-B0AA-3375E47941BB}.Release|x64.ActiveCfg = Release|Any CPU
		{FB54D901-1488-487C-B0AA-3375E47941BB}.Release|x64.Build.0 = Release|Any CPU
		{FB54D901-1488-487C-B0AA-3375E47941BB}.Release|x86.ActiveCfg = Release|Any CPU
		{FB54D901-1488-487C-B0AA-3375E47941BB}.Release|x86.Build.0 = Release|Any CPU
		{EB2AF53D-B7DD-44B6-84D7-F6679E84B13B}.Debug|Any CPU.ActiveCfg = Debug|Any CPU
		{EB2AF53D-B7DD-44B6-84D7-F6679E84B13B}.Debug|Any CPU.Build.0 = Debug|Any CPU
		{EB2AF53D-B7DD-44B6-84D7-F6679E84B13B}.Debug|x64.ActiveCfg = Debug|Any CPU
		{EB2AF53D-B7DD-44B6-84D7-F6679E84B13B}.Debug|x64.Build.0 = Debug|Any CPU
		{EB2AF53D-B7DD-44B6-84D7-F6679E84B13B}.Debug|x86.ActiveCfg = Debug|Any CPU
		{EB2AF53D-B7DD-44B6-84D7-F6679E84B13B}.Debug|x86.Build.0 = Debug|Any CPU
		{EB2AF53D-B7DD-44B6-84D7-F6679E84B13B}.Release|Any CPU.ActiveCfg = Release|Any CPU
		{EB2AF53D-B7DD-44B6-84D7-F6679E84B13B}.Release|Any CPU.Build.0 = Release|Any CPU
		{EB2AF53D-B7DD-44B6-84D7-F6679E84B13B}.Release|x64.ActiveCfg = Release|Any CPU
		{EB2AF53D-B7DD-44B6-84D7-F6679E84B13B}.Release|x64.Build.0 = Release|Any CPU
		{EB2AF53D-B7DD-44B6-84D7-F6679E84B13B}.Release|x86.ActiveCfg = Release|Any CPU
		{EB2AF53D-B7DD-44B6-84D7-F6679E84B13B}.Release|x86.Build.0 = Release|Any CPU
	EndGlobalSection
	GlobalSection(SolutionProperties) = preSolution
		HideSolutionNode = FALSE
	EndGlobalSection
	GlobalSection(ExtensibilityGlobals) = postSolution
		SolutionGuid = {1E7C6845-DA92-48C1-AEB4-2553B3292C0F}
	EndGlobalSection
EndGlobal
